Microsoft Visual Studio Solution File, Format Version 12.00
Project("{FAE04EC0-301F-11D3-BF4B-00C04F79EFBC}") = "back-end-pets", "back-end-pets\back-end-pets.csproj", "{5F1FF034-CE42-479B-B252-02101F0CA626}"
EndProject
Project("{FAE04EC0-301F-11D3-BF4B-00C04F79EFBC}") = "BackEndPets.Domain", "BackEndPets.Domain\BackEndPets.Domain.csproj", "{5EE837CD-93FA-4518-B951-27232DA0A005}"
EndProject
Project("{FAE04EC0-301F-11D3-BF4B-00C04F79EFBC}") = "BackEndPets.Application", "BackEndPets.Application\BackEndPets.Application.csproj", "{17721128-C022-4C71-A446-2BB99D8DDDD6}"
EndProject
Project("{FAE04EC0-301F-11D3-BF4B-00C04F79EFBC}") = "BackEndPets.Infrastructure", "BackEndPets.Infrastructure\BackEndPets.Infrastructure.csproj", "{8F192DD2-2F99-47B6-9A07-686C30D2343E}"
EndProject
Global
	GlobalSection(SolutionConfigurationPlatforms) = preSolution
		Debug|Any CPU = Debug|Any CPU
		Debug|x64 = Debug|x64
		Debug|x86 = Debug|x86
		Release|Any CPU = Release|Any CPU
		Release|x64 = Release|x64
		Release|x86 = Release|x86
	EndGlobalSection
	GlobalSection(ProjectConfigurationPlatforms) = postSolution
		{5F1FF034-CE42-479B-B252-02101F0CA626}.Debug|Any CPU.ActiveCfg = Debug|Any CPU
		{5F1FF034-CE42-479B-B252-02101F0CA626}.Debug|Any CPU.Build.0 = Debug|Any CPU
		{5F1FF034-CE42-479B-B252-02101F0CA626}.Debug|x64.ActiveCfg = Debug|Any CPU
		{5F1FF034-CE42-479B-B252-02101F0CA626}.Debug|x64.Build.0 = Debug|Any CPU
		{5F1FF034-CE42-479B-B252-02101F0CA626}.Debug|x86.ActiveCfg = Debug|Any CPU
		{5F1FF034-CE42-479B-B252-02101F0CA626}.Debug|x86.Build.0 = Debug|Any CPU
		{5F1FF034-CE42-479B-B252-02101F0CA626}.Release|Any CPU.ActiveCfg = Release|Any CPU
		{5F1FF034-CE42-479B-B252-02101F0CA626}.Release|Any CPU.Build.0 = Release|Any CPU
		{5F1FF034-CE42-479B-B252-02101F0CA626}.Release|x64.ActiveCfg = Release|Any CPU
		{5F1FF034-CE42-479B-B252-02101F0CA626}.Release|x64.Build.0 = Release|Any CPU
		{5F1FF034-CE42-479B-B252-02101F0CA626}.Release|x86.ActiveCfg = Release|Any CPU
		{5F1FF034-CE42-479B-B252-02101F0CA626}.Release|x86.Build.0 = Release|Any CPU
		{5EE837CD-93FA-4518-B951-27232DA0A005}.Debug|Any CPU.ActiveCfg = Debug|Any CPU
		{5EE837CD-93FA-4518-B951-27232DA0A005}.Debug|Any CPU.Build.0 = Debug|Any CPU
		{5EE837CD-93FA-4518-B951-27232DA0A005}.Debug|x64.ActiveCfg = Debug|Any CPU
		{5EE837CD-93FA-4518-B951-27232DA0A005}.Debug|x64.Build.0 = Debug|Any CPU
		{5EE837CD-93FA-4518-B951-27232DA0A005}.Debug|x86.ActiveCfg = Debug|Any CPU
		{5EE837CD-93FA-4518-B951-27232DA0A005}.Debug|x86.Build.0 = Debug|Any CPU
		{5EE837CD-93FA-4518-B951-27232DA0A005}.Release|Any CPU.ActiveCfg = Release|Any CPU
		{5EE837CD-93FA-4518-B951-27232DA0A005}.Release|Any CPU.Build.0 = Release|Any CPU
		{5EE837CD-93FA-4518-B951-27232DA0A005}.Release|x64.ActiveCfg = Release|Any CPU
		{5EE837CD-93FA-4518-B951-27232DA0A005}.Release|x64.Build.0 = Release|Any CPU
		{5EE837CD-93FA-4518-B951-27232DA0A005}.Release|x86.ActiveCfg = Release|Any CPU
		{5EE837CD-93FA-4518-B951-27232DA0A005}.Release|x86.Build.0 = Release|Any CPU
		{17721128-C022-4C71-A446-2BB99D8DDDD6}.Debug|Any CPU.ActiveCfg = Debug|Any CPU
		{17721128-C022-4C71-A446-2BB99D8DDDD6}.Debug|Any CPU.Build.0 = Debug|Any CPU
		{17721128-C022-4C71-A446-2BB99D8DDDD6}.Debug|x64.ActiveCfg = Debug|Any CPU
		{17721128-C022-4C71-A446-2BB99D8DDDD6}.Debug|x64.Build.0 = Debug|Any CPU
		{17721128-C022-4C71-A446-2BB99D8DDDD6}.Debug|x86.ActiveCfg = Debug|Any CPU
		{17721128-C022-4C71-A446-2BB99D8DDDD6}.Debug|x86.Build.0 = Debug|Any CPU
		{17721128-C022-4C71-A446-2BB99D8DDDD6}.Release|Any CPU.ActiveCfg = Release|Any CPU
		{17721128-C022-4C71-A446-2BB99D8DDDD6}.Release|Any CPU.Build.0 = Release|Any CPU
		{17721128-C022-4C71-A446-2BB99D8DDDD6}.Release|x64.ActiveCfg = Release|Any CPU
		{17721128-C022-4C71-A446-2BB99D8DDDD6}.Release|x64.Build.0 = Release|Any CPU
		{17721128-C022-4C71-A446-2BB99D8DDDD6}.Release|x86.ActiveCfg = Release|Any CPU
		{17721128-C022-4C71-A446-2BB99D8DDDD6}.Release|x86.Build.0 = Release|Any CPU
		{8F192DD2-2F99-47B6-9A07-686C30D2343E}.Debug|Any CPU.ActiveCfg = Debug|Any CPU
		{8F192DD2-2F99-47B6-9A07-686C30D2343E}.Debug|Any CPU.Build.0 = Debug|Any CPU
		{8F192DD2-2F99-47B6-9A07-686C30D2343E}.Debug|x64.ActiveCfg = Debug|Any CPU
		{8F192DD2-2F99-47B6-9A07-686C30D2343E}.Debug|x64.Build.0 = Debug|Any CPU
		{8F192DD2-2F99-47B6-9A07-686C30D2343E}.Debug|x86.ActiveCfg = Debug|Any CPU
		{8F192DD2-2F99-47B6-9A07-686C30D2343E}.Debug|x86.Build.0 = Debug|Any CPU
		{8F192DD2-2F99-47B6-9A07-686C30D2343E}.Release|Any CPU.ActiveCfg = Release|Any CPU
		{8F192DD2-2F99-47B6-9A07-686C30D2343E}.Release|Any CPU.Build.0 = Release|Any CPU
		{8F192DD2-2F99-47B6-9A07-686C30D2343E}.Release|x64.ActiveCfg = Release|Any CPU
		{8F192DD2-2F99-47B6-9A07-686C30D2343E}.Release|x64.Build.0 = Release|Any CPU
		{8F192DD2-2F99-47B6-9A07-686C30D2343E}.Release|x86.ActiveCfg = Release|Any CPU
		{8F192DD2-2F99-47B6-9A07-686C30D2343E}.Release|x86.Build.0 = Release|Any CPU
	EndGlobalSection
	GlobalSection(SolutionProperties) = preSolution
		HideSolutionNode = FALSE
	EndGlobalSection
EndGlobal
